
Microsoft Visual Studio Solution File, Format Version 12.00
# Visual Studio 15
VisualStudioVersion = 15.0.28307.645
MinimumVisualStudioVersion = 10.0.40219.1
Project("{FAE04EC0-301F-11D3-BF4B-00C04F79EFBC}") = "WPFUI", "WPFUI\WPFUI.csproj", "{2EB213CC-6ECC-45FB-98CB-CB615973E902}"
EndProject
Project("{FAE04EC0-301F-11D3-BF4B-00C04F79EFBC}") = "BO", "BO\BO.csproj", "{4F3C3D5D-C4FC-4F9D-B4E7-E4961DC301B1}"
EndProject
Project("{FAE04EC0-301F-11D3-BF4B-00C04F79EFBC}") = "BL", "BL\BL.csproj", "{B2AF15E0-0F46-4160-AB8C-90D859307BDE}"
EndProject
Project("{FAE04EC0-301F-11D3-BF4B-00C04F79EFBC}") = "DL", "DL\DL.csproj", "{710FE801-1CA8-4C5C-8ADE-0ECED52B4D71}"
EndProject
Global
	GlobalSection(SolutionConfigurationPlatforms) = preSolution
		Debug|Any CPU = Debug|Any CPU
		Release|Any CPU = Release|Any CPU
	EndGlobalSection
	GlobalSection(ProjectConfigurationPlatforms) = postSolution
		{2EB213CC-6ECC-45FB-98CB-CB615973E902}.Debug|Any CPU.ActiveCfg = Debug|Any CPU
		{2EB213CC-6ECC-45FB-98CB-CB615973E902}.Debug|Any CPU.Build.0 = Debug|Any CPU
		{2EB213CC-6ECC-45FB-98CB-CB615973E902}.Release|Any CPU.ActiveCfg = Release|Any CPU
		{2EB213CC-6ECC-45FB-98CB-CB615973E902}.Release|Any CPU.Build.0 = Release|Any CPU
		{4F3C3D5D-C4FC-4F9D-B4E7-E4961DC301B1}.Debug|Any CPU.ActiveCfg = Debug|Any CPU
		{4F3C3D5D-C4FC-4F9D-B4E7-E4961DC301B1}.Debug|Any CPU.Build.0 = Debug|Any CPU
		{4F3C3D5D-C4FC-4F9D-B4E7-E4961DC301B1}.Release|Any CPU.ActiveCfg = Release|Any CPU
		{4F3C3D5D-C4FC-4F9D-B4E7-E4961DC301B1}.Release|Any CPU.Build.0 = Release|Any CPU
		{B2AF15E0-0F46-4160-AB8C-90D859307BDE}.Debug|Any CPU.ActiveCfg = Debug|Any CPU
		{B2AF15E0-0F46-4160-AB8C-90D859307BDE}.Debug|Any CPU.Build.0 = Debug|Any CPU
		{B2AF15E0-0F46-4160-AB8C-90D859307BDE}.Release|Any CPU.ActiveCfg = Release|Any CPU
		{B2AF15E0-0F46-4160-AB8C-90D859307BDE}.Release|Any CPU.Build.0 = Release|Any CPU
		{710FE801-1CA8-4C5C-8ADE-0ECED52B4D71}.Debug|Any CPU.ActiveCfg = Debug|Any CPU
		{710FE801-1CA8-4C5C-8ADE-0ECED52B4D71}.Debug|Any CPU.Build.0 = Debug|Any CPU
		{710FE801-1CA8-4C5C-8ADE-0ECED52B4D71}.Release|Any CPU.ActiveCfg = Release|Any CPU
		{710FE801-1CA8-4C5C-8ADE-0ECED52B4D71}.Release|Any CPU.Build.0 = Release|Any CPU
	EndGlobalSection
	GlobalSection(SolutionProperties) = preSolution
		HideSolutionNode = FALSE
	EndGlobalSection
	GlobalSection(ExtensibilityGlobals) = postSolution
		SolutionGuid = {76AF9443-0FF0-4613-A9D1-5BE78324A6E4}
	EndGlobalSection
EndGlobal
